// !$*UTF8*$!
{
	archiveVersion = 1;
	classes = {
	};
	objectVersion = 56;
	objects = {

/* Begin PBXBuildFile section */
		964608F52A992C5500BD0EBE /* VerificationService.swift in Sources */ = {isa = PBXBuildFile; fileRef = 964608F42A992C5500BD0EBE /* VerificationService.swift */; };
		9662A8752A978007006625B5 /* SignUpViewController.swift in Sources */ = {isa = PBXBuildFile; fileRef = 9662A8742A978007006625B5 /* SignUpViewController.swift */; };
		9662A8772A97A1DE006625B5 /* MainStoryboard.storyboard in Resources */ = {isa = PBXBuildFile; fileRef = 9662A8762A97A1DE006625B5 /* MainStoryboard.storyboard */; };
		9662A87C2A97A7CC006625B5 /* UIViewExtention.swift in Sources */ = {isa = PBXBuildFile; fileRef = 9662A87B2A97A7CC006625B5 /* UIViewExtention.swift */; };
		96C2DB302A952EDA00092A86 /* AppDelegate.swift in Sources */ = {isa = PBXBuildFile; fileRef = 96C2DB2F2A952EDA00092A86 /* AppDelegate.swift */; };
		96C2DB322A952EDA00092A86 /* SceneDelegate.swift in Sources */ = {isa = PBXBuildFile; fileRef = 96C2DB312A952EDA00092A86 /* SceneDelegate.swift */; };
		96C2DB372A952EDA00092A86 /* SignInStoryboard.storyboard in Resources */ = {isa = PBXBuildFile; fileRef = 96C2DB352A952EDA00092A86 /* SignInStoryboard.storyboard */; };
		96C2DB392A952EDB00092A86 /* Assets.xcassets in Resources */ = {isa = PBXBuildFile; fileRef = 96C2DB382A952EDB00092A86 /* Assets.xcassets */; };
		96C2DB3C2A952EDB00092A86 /* LaunchScreen.storyboard in Resources */ = {isa = PBXBuildFile; fileRef = 96C2DB3A2A952EDB00092A86 /* LaunchScreen.storyboard */; };
		96C2DB472A976D1A00092A86 /* SignInViewController.swift in Sources */ = {isa = PBXBuildFile; fileRef = 96C2DB462A976D1A00092A86 /* SignInViewController.swift */; };
		96C2DB4B2A9778B600092A86 /* SignUpStoryboard.storyboard in Resources */ = {isa = PBXBuildFile; fileRef = 96C2DB4A2A9778B600092A86 /* SignUpStoryboard.storyboard */; };
/* End PBXBuildFile section */

/* Begin PBXFileReference section */
		964608F42A992C5500BD0EBE /* VerificationService.swift */ = {isa = PBXFileReference; lastKnownFileType = sourcecode.swift; path = VerificationService.swift; sourceTree = "<group>"; };
		9662A8742A978007006625B5 /* SignUpViewController.swift */ = {isa = PBXFileReference; lastKnownFileType = sourcecode.swift; path = SignUpViewController.swift; sourceTree = "<group>"; };
		9662A8762A97A1DE006625B5 /* MainStoryboard.storyboard */ = {isa = PBXFileReference; lastKnownFileType = file.storyboard; path = MainStoryboard.storyboard; sourceTree = "<group>"; };
		9662A87B2A97A7CC006625B5 /* UIViewExtention.swift */ = {isa = PBXFileReference; lastKnownFileType = sourcecode.swift; path = UIViewExtention.swift; sourceTree = "<group>"; };
		96C2DB2C2A952EDA00092A86 /* SignInUp.app */ = {isa = PBXFileReference; explicitFileType = wrapper.application; includeInIndex = 0; path = SignInUp.app; sourceTree = BUILT_PRODUCTS_DIR; };
		96C2DB2F2A952EDA00092A86 /* AppDelegate.swift */ = {isa = PBXFileReference; lastKnownFileType = sourcecode.swift; path = AppDelegate.swift; sourceTree = "<group>"; };
		96C2DB312A952EDA00092A86 /* SceneDelegate.swift */ = {isa = PBXFileReference; lastKnownFileType = sourcecode.swift; path = SceneDelegate.swift; sourceTree = "<group>"; };
		96C2DB362A952EDA00092A86 /* Base */ = {isa = PBXFileReference; lastKnownFileType = file.storyboard; name = Base; path = Base.lproj/SignInStoryboard.storyboard; sourceTree = "<group>"; };
		96C2DB382A952EDB00092A86 /* Assets.xcassets */ = {isa = PBXFileReference; lastKnownFileType = folder.assetcatalog; path = Assets.xcassets; sourceTree = "<group>"; };
		96C2DB3B2A952EDB00092A86 /* Base */ = {isa = PBXFileReference; lastKnownFileType = file.storyboard; name = Base; path = Base.lproj/LaunchScreen.storyboard; sourceTree = "<group>"; };
		96C2DB3D2A952EDB00092A86 /* Info.plist */ = {isa = PBXFileReference; lastKnownFileType = text.plist.xml; path = Info.plist; sourceTree = "<group>"; };
		96C2DB462A976D1A00092A86 /* SignInViewController.swift */ = {isa = PBXFileReference; lastKnownFileType = sourcecode.swift; path = SignInViewController.swift; sourceTree = "<group>"; };
		96C2DB4A2A9778B600092A86 /* SignUpStoryboard.storyboard */ = {isa = PBXFileReference; lastKnownFileType = file.storyboard; path = SignUpStoryboard.storyboard; sourceTree = "<group>"; };
/* End PBXFileReference section */

/* Begin PBXFrameworksBuildPhase section */
		96C2DB292A952EDA00092A86 /* Frameworks */ = {
			isa = PBXFrameworksBuildPhase;
			buildActionMask = 2147483647;
			files = (
			);
			runOnlyForDeploymentPostprocessing = 0;
		};
/* End PBXFrameworksBuildPhase section */

/* Begin PBXGroup section */
		964608F32A992C3600BD0EBE /* Services */ = {
			isa = PBXGroup;
			children = (
				964608F42A992C5500BD0EBE /* VerificationService.swift */,
			);
			path = Services;
			sourceTree = "<group>";
		};
		9662A8782A97A76B006625B5 /* Extentions */ = {
			isa = PBXGroup;
			children = (
				9662A87B2A97A7CC006625B5 /* UIViewExtention.swift */,
			);
			path = Extentions;
			sourceTree = "<group>";
		};
		96C2DB232A952EDA00092A86 = {
			isa = PBXGroup;
			children = (
				96C2DB2E2A952EDA00092A86 /* SignInUp */,
				96C2DB2D2A952EDA00092A86 /* Products */,
			);
			sourceTree = "<group>";
		};
		96C2DB2D2A952EDA00092A86 /* Products */ = {
			isa = PBXGroup;
			children = (
				96C2DB2C2A952EDA00092A86 /* SignInUp.app */,
			);
			name = Products;
			sourceTree = "<group>";
		};
		96C2DB2E2A952EDA00092A86 /* SignInUp */ = {
			isa = PBXGroup;
			children = (
				964608F32A992C3600BD0EBE /* Services */,
				9662A8782A97A76B006625B5 /* Extentions */,
				96C2DB452A9535AA00092A86 /* Controllers */,
				96C2DB442A95354F00092A86 /* Views */,
				96C2DB382A952EDB00092A86 /* Assets.xcassets */,
				96C2DB3D2A952EDB00092A86 /* Info.plist */,
				96C2DB432A9534F200092A86 /* AppDelegate */,
			);
			path = SignInUp;
			sourceTree = "<group>";
		};
		96C2DB432A9534F200092A86 /* AppDelegate */ = {
			isa = PBXGroup;
			children = (
				96C2DB2F2A952EDA00092A86 /* AppDelegate.swift */,
				96C2DB312A952EDA00092A86 /* SceneDelegate.swift */,
			);
			path = AppDelegate;
			sourceTree = "<group>";
		};
		96C2DB442A95354F00092A86 /* Views */ = {
			isa = PBXGroup;
			children = (
				96C2DB352A952EDA00092A86 /* SignInStoryboard.storyboard */,
				96C2DB4A2A9778B600092A86 /* SignUpStoryboard.storyboard */,
				96C2DB3A2A952EDB00092A86 /* LaunchScreen.storyboard */,
				9662A8762A97A1DE006625B5 /* MainStoryboard.storyboard */,
			);
			path = Views;
			sourceTree = "<group>";
		};
		96C2DB452A9535AA00092A86 /* Controllers */ = {
			isa = PBXGroup;
			children = (
				96C2DB462A976D1A00092A86 /* SignInViewController.swift */,
				9662A8742A978007006625B5 /* SignUpViewController.swift */,
			);
			path = Controllers;
			sourceTree = "<group>";
		};
/* End PBXGroup section */

/* Begin PBXNativeTarget section */
		96C2DB2B2A952EDA00092A86 /* SignInUp */ = {
			isa = PBXNativeTarget;
			buildConfigurationList = 96C2DB402A952EDB00092A86 /* Build configuration list for PBXNativeTarget "SignInUp" */;
			buildPhases = (
				96C2DB282A952EDA00092A86 /* Sources */,
				96C2DB292A952EDA00092A86 /* Frameworks */,
				96C2DB2A2A952EDA00092A86 /* Resources */,
			);
			buildRules = (
			);
			dependencies = (
			);
			name = SignInUp;
			productName = SignInUp;
			productReference = 96C2DB2C2A952EDA00092A86 /* SignInUp.app */;
			productType = "com.apple.product-type.application";
		};
/* End PBXNativeTarget section */

/* Begin PBXProject section */
		96C2DB242A952EDA00092A86 /* Project object */ = {
			isa = PBXProject;
			attributes = {
				BuildIndependentTargetsInParallel = 1;
				LastSwiftUpdateCheck = 1430;
				LastUpgradeCheck = 1430;
				TargetAttributes = {
					96C2DB2B2A952EDA00092A86 = {
						CreatedOnToolsVersion = 14.3.1;
					};
				};
			};
			buildConfigurationList = 96C2DB272A952EDA00092A86 /* Build configuration list for PBXProject "SignInUp" */;
			compatibilityVersion = "Xcode 14.0";
			developmentRegion = en;
			hasScannedForEncodings = 0;
			knownRegions = (
				en,
				Base,
			);
			mainGroup = 96C2DB232A952EDA00092A86;
			productRefGroup = 96C2DB2D2A952EDA00092A86 /* Products */;
			projectDirPath = "";
			projectRoot = "";
			targets = (
				96C2DB2B2A952EDA00092A86 /* SignInUp */,
			);
		};
/* End PBXProject section */

/* Begin PBXResourcesBuildPhase section */
		96C2DB2A2A952EDA00092A86 /* Resources */ = {
			isa = PBXResourcesBuildPhase;
			buildActionMask = 2147483647;
			files = (
				96C2DB3C2A952EDB00092A86 /* LaunchScreen.storyboard in Resources */,
				9662A8772A97A1DE006625B5 /* MainStoryboard.storyboard in Resources */,
				96C2DB4B2A9778B600092A86 /* SignUpStoryboard.storyboard in Resources */,
				96C2DB392A952EDB00092A86 /* Assets.xcassets in Resources */,
				96C2DB372A952EDA00092A86 /* SignInStoryboard.storyboard in Resources */,
			);
			runOnlyForDeploymentPostprocessing = 0;
		};
/* End PBXResourcesBuildPhase section */

/* Begin PBXSourcesBuildPhase section */
		96C2DB282A952EDA00092A86 /* Sources */ = {
			isa = PBXSourcesBuildPhase;
			buildActionMask = 2147483647;
			files = (
				96C2DB302A952EDA00092A86 /* AppDelegate.swift in Sources */,
				9662A87C2A97A7CC006625B5 /* UIViewExtention.swift in Sources */,
				964608F52A992C5500BD0EBE /* VerificationService.swift in Sources */,
				96C2DB322A952EDA00092A86 /* SceneDelegate.swift in Sources */,
				9662A8752A978007006625B5 /* SignUpViewController.swift in Sources */,
				96C2DB472A976D1A00092A86 /* SignInViewController.swift in Sources */,
			);
			runOnlyForDeploymentPostprocessing = 0;
		};
/* End PBXSourcesBuildPhase section */

/* Begin PBXVariantGroup section */
		96C2DB352A952EDA00092A86 /* SignInStoryboard.storyboard */ = {
			isa = PBXVariantGroup;
			children = (
				96C2DB362A952EDA00092A86 /* Base */,
			);
			name = SignInStoryboard.storyboard;
			sourceTree = "<group>";
		};
		96C2DB3A2A952EDB00092A86 /* LaunchScreen.storyboard */ = {
			isa = PBXVariantGroup;
			children = (
				96C2DB3B2A952EDB00092A86 /* Base */,
			);
			name = LaunchScreen.storyboard;
			sourceTree = "<group>";
		};
/* End PBXVariantGroup section */

/* Begin XCBuildConfiguration section */
		96C2DB3E2A952EDB00092A86 /* Debug */ = {
			isa = XCBuildConfiguration;
			buildSettings = {
				ALWAYS_SEARCH_USER_PATHS = NO;
				CLANG_ANALYZER_NONNULL = YES;
				CLANG_ANALYZER_NUMBER_OBJECT_CONVERSION = YES_AGGRESSIVE;
				CLANG_CXX_LANGUAGE_STANDARD = "gnu++20";
				CLANG_ENABLE_MODULES = YES;
				CLANG_ENABLE_OBJC_ARC = YES;
				CLANG_ENABLE_OBJC_WEAK = YES;
				CLANG_WARN_BLOCK_CAPTURE_AUTORELEASING = YES;
				CLANG_WARN_BOOL_CONVERSION = YES;
				CLANG_WARN_COMMA = YES;
				CLANG_WARN_CONSTANT_CONVERSION = YES;
				CLANG_WARN_DEPRECATED_OBJC_IMPLEMENTATIONS = YES;
				CLANG_WARN_DIRECT_OBJC_ISA_USAGE = YES_ERROR;
				CLANG_WARN_DOCUMENTATION_COMMENTS = YES;
				CLANG_WARN_EMPTY_BODY = YES;
				CLANG_WARN_ENUM_CONVERSION = YES;
				CLANG_WARN_INFINITE_RECURSION = YES;
				CLANG_WARN_INT_CONVERSION = YES;
				CLANG_WARN_NON_LITERAL_NULL_CONVERSION = YES;
				CLANG_WARN_OBJC_IMPLICIT_RETAIN_SELF = YES;
				CLANG_WARN_OBJC_LITERAL_CONVERSION = YES;
				CLANG_WARN_OBJC_ROOT_CLASS = YES_ERROR;
				CLANG_WARN_QUOTED_INCLUDE_IN_FRAMEWORK_HEADER = YES;
				CLANG_WARN_RANGE_LOOP_ANALYSIS = YES;
				CLANG_WARN_STRICT_PROTOTYPES = YES;
				CLANG_WARN_SUSPICIOUS_MOVE = YES;
				CLANG_WARN_UNGUARDED_AVAILABILITY = YES_AGGRESSIVE;
				CLANG_WARN_UNREACHABLE_CODE = YES;
				CLANG_WARN__DUPLICATE_METHOD_MATCH = YES;
				COPY_PHASE_STRIP = NO;
				DEBUG_INFORMATION_FORMAT = dwarf;
				ENABLE_STRICT_OBJC_MSGSEND = YES;
				ENABLE_TESTABILITY = YES;
				GCC_C_LANGUAGE_STANDARD = gnu11;
				GCC_DYNAMIC_NO_PIC = NO;
				GCC_NO_COMMON_BLOCKS = YES;
				GCC_OPTIMIZATION_LEVEL = 0;
				GCC_PREPROCESSOR_DEFINITIONS = (
					"DEBUG=1",
					"$(inherited)",
				);
				GCC_WARN_64_TO_32_BIT_CONVERSION = YES;
				GCC_WARN_ABOUT_RETURN_TYPE = YES_ERROR;
				GCC_WARN_UNDECLARED_SELECTOR = YES;
				GCC_WARN_UNINITIALIZED_AUTOS = YES_AGGRESSIVE;
				GCC_WARN_UNUSED_FUNCTION = YES;
				GCC_WARN_UNUSED_VARIABLE = YES;
				IPHONEOS_DEPLOYMENT_TARGET = 16.4;
				MTL_ENABLE_DEBUG_INFO = INCLUDE_SOURCE;
				MTL_FAST_MATH = YES;
				ONLY_ACTIVE_ARCH = YES;
				SDKROOT = iphoneos;
				SWIFT_ACTIVE_COMPILATION_CONDITIONS = DEBUG;
				SWIFT_OPTIMIZATION_LEVEL = "-Onone";
			};
			name = Debug;
		};
		96C2DB3F2A952EDB00092A86 /* Release */ = {
			isa = XCBuildConfiguration;
			buildSettings = {
				ALWAYS_SEARCH_USER_PATHS = NO;
				CLANG_ANALYZER_NONNULL = YES;
				CLANG_ANALYZER_NUMBER_OBJECT_CONVERSION = YES_AGGRESSIVE;
				CLANG_CXX_LANGUAGE_STANDARD = "gnu++20";
				CLANG_ENABLE_MODULES = YES;
				CLANG_ENABLE_OBJC_ARC = YES;
				CLANG_ENABLE_OBJC_WEAK = YES;
				CLANG_WARN_BLOCK_CAPTURE_AUTORELEASING = YES;
				CLANG_WARN_BOOL_CONVERSION = YES;
				CLANG_WARN_COMMA = YES;
				CLANG_WARN_CONSTANT_CONVERSION = YES;
				CLANG_WARN_DEPRECATED_OBJC_IMPLEMENTATIONS = YES;
				CLANG_WARN_DIRECT_OBJC_ISA_USAGE = YES_ERROR;
				CLANG_WARN_DOCUMENTATION_COMMENTS = YES;
				CLANG_WARN_EMPTY_BODY = YES;
				CLANG_WARN_ENUM_CONVERSION = YES;
				CLANG_WARN_INFINITE_RECURSION = YES;
				CLANG_WARN_INT_CONVERSION = YES;
				CLANG_WARN_NON_LITERAL_NULL_CONVERSION = YES;
				CLANG_WARN_OBJC_IMPLICIT_RETAIN_SELF = YES;
				CLANG_WARN_OBJC_LITERAL_CONVERSION = YES;
				CLANG_WARN_OBJC_ROOT_CLASS = YES_ERROR;
				CLANG_WARN_QUOTED_INCLUDE_IN_FRAMEWORK_HEADER = YES;
				CLANG_WARN_RANGE_LOOP_ANALYSIS = YES;
				CLANG_WARN_STRICT_PROTOTYPES = YES;
				CLANG_WARN_SUSPICIOUS_MOVE = YES;
				CLANG_WARN_UNGUARDED_AVAILABILITY = YES_AGGRESSIVE;
				CLANG_WARN_UNREACHABLE_CODE = YES;
				CLANG_WARN__DUPLICATE_METHOD_MATCH = YES;
				COPY_PHASE_STRIP = NO;
				DEBUG_INFORMATION_FORMAT = "dwarf-with-dsym";
				ENABLE_NS_ASSERTIONS = NO;
				ENABLE_STRICT_OBJC_MSGSEND = YES;
				GCC_C_LANGUAGE_STANDARD = gnu11;
				GCC_NO_COMMON_BLOCKS = YES;
				GCC_WARN_64_TO_32_BIT_CONVERSION = YES;
				GCC_WARN_ABOUT_RETURN_TYPE = YES_ERROR;
				GCC_WARN_UNDECLARED_SELECTOR = YES;
				GCC_WARN_UNINITIALIZED_AUTOS = YES_AGGRESSIVE;
				GCC_WARN_UNUSED_FUNCTION = YES;
				GCC_WARN_UNUSED_VARIABLE = YES;
				IPHONEOS_DEPLOYMENT_TARGET = 16.4;
				MTL_ENABLE_DEBUG_INFO = NO;
				MTL_FAST_MATH = YES;
				SDKROOT = iphoneos;
				SWIFT_COMPILATION_MODE = wholemodule;
				SWIFT_OPTIMIZATION_LEVEL = "-O";
				VALIDATE_PRODUCT = YES;
			};
			name = Release;
		};
		96C2DB412A952EDB00092A86 /* Debug */ = {
			isa = XCBuildConfiguration;
			buildSettings = {
				ASSETCATALOG_COMPILER_APPICON_NAME = AppIcon;
				ASSETCATALOG_COMPILER_GLOBAL_ACCENT_COLOR_NAME = AccentColor;
				CODE_SIGN_STYLE = Automatic;
				CURRENT_PROJECT_VERSION = 1;
				DEVELOPMENT_TEAM = GDZL4G7BLZ;
				GENERATE_INFOPLIST_FILE = YES;
				INFOPLIST_FILE = SignInUp/Info.plist;
				INFOPLIST_KEY_UIApplicationSupportsIndirectInputEvents = YES;
				INFOPLIST_KEY_UILaunchStoryboardName = LaunchScreen;
				INFOPLIST_KEY_UIMainStoryboardFile = SignInStoryboard;
				INFOPLIST_KEY_UISupportedInterfaceOrientations_iPad = "UIInterfaceOrientationPortrait UIInterfaceOrientationPortraitUpsideDown UIInterfaceOrientationLandscapeLeft UIInterfaceOrientationLandscapeRight";
				INFOPLIST_KEY_UISupportedInterfaceOrientations_iPhone = "UIInterfaceOrientationPortrait UIInterfaceOrientationLandscapeLeft UIInterfaceOrientationLandscapeRight";
				IPHONEOS_DEPLOYMENT_TARGET = 15.0;
				LD_RUNPATH_SEARCH_PATHS = (
					"$(inherited)",
					"@executable_path/Frameworks",
				);
				MARKETING_VERSION = 1.0;
				PRODUCT_BUNDLE_IDENTIFIER = site.gleb.SignInUp;
				PRODUCT_NAME = "$(TARGET_NAME)";
				SWIFT_EMIT_LOC_STRINGS = YES;
				SWIFT_VERSION = 5.0;
				TARGETED_DEVICE_FAMILY = "1,2";
			};
			name = Debug;
		};
		96C2DB422A952EDB00092A86 /* Release */ = {
			isa = XCBuildConfiguration;
			buildSettings = {
				ASSETCATALOG_COMPILER_APPICON_NAME = AppIcon;
				ASSETCATALOG_COMPILER_GLOBAL_ACCENT_COLOR_NAME = AccentColor;
				CODE_SIGN_STYLE = Automatic;
				CURRENT_PROJECT_VERSION = 1;
				DEVELOPMENT_TEAM = GDZL4G7BLZ;
				GENERATE_INFOPLIST_FILE = YES;
				INFOPLIST_FILE = SignInUp/Info.plist;
				INFOPLIST_KEY_UIApplicationSupportsIndirectInputEvents = YES;
				INFOPLIST_KEY_UILaunchStoryboardName = LaunchScreen;
				INFOPLIST_KEY_UIMainStoryboardFile = SignInStoryboard;
				INFOPLIST_KEY_UISupportedInterfaceOrientations_iPad = "UIInterfaceOrientationPortrait UIInterfaceOrientationPortraitUpsideDown UIInterfaceOrientationLandscapeLeft UIInterfaceOrientationLandscapeRight";
				INFOPLIST_KEY_UISupportedInterfaceOrientations_iPhone = "UIInterfaceOrientationPortrait UIInterfaceOrientationLandscapeLeft UIInterfaceOrientationLandscapeRight";
				IPHONEOS_DEPLOYMENT_TARGET = 15.0;
				LD_RUNPATH_SEARCH_PATHS = (
					"$(inherited)",
					"@executable_path/Frameworks",
				);
				MARKETING_VERSION = 1.0;
				PRODUCT_BUNDLE_IDENTIFIER = site.gleb.SignInUp;
				PRODUCT_NAME = "$(TARGET_NAME)";
				SWIFT_EMIT_LOC_STRINGS = YES;
				SWIFT_VERSION = 5.0;
				TARGETED_DEVICE_FAMILY = "1,2";
			};
			name = Release;
		};
/* End XCBuildConfiguration section */

/* Begin XCConfigurationList section */
		96C2DB272A952EDA00092A86 /* Build configuration list for PBXProject "SignInUp" */ = {
			isa = XCConfigurationList;
			buildConfigurations = (
				96C2DB3E2A952EDB00092A86 /* Debug */,
				96C2DB3F2A952EDB00092A86 /* Release */,
			);
			defaultConfigurationIsVisible = 0;
			defaultConfigurationName = Release;
		};
		96C2DB402A952EDB00092A86 /* Build configuration list for PBXNativeTarget "SignInUp" */ = {
			isa = XCConfigurationList;
			buildConfigurations = (
				96C2DB412A952EDB00092A86 /* Debug */,
				96C2DB422A952EDB00092A86 /* Release */,
			);
			defaultConfigurationIsVisible = 0;
			defaultConfigurationName = Release;
		};
/* End XCConfigurationList section */
	};
	rootObject = 96C2DB242A952EDA00092A86 /* Project object */;
}
